schema: '2.0'
stages:
  collect_kfac_factors:
    cmd:
    - 'python memorization_kfac/data/collect_kfac_multilayer.py --model allenai/OLMo-2-0425-1B
      --device cuda --dtype bfloat16 --corpus dolmo --nbytes 100000 --seq_len 512
      --batch_size 1 --layers_per_pass 1 --target_blocks 13 --save_dir "memorization_kfac/data/kfac_factors/olmo2_1b" '
    deps:
    - path: memorization_kfac/data/collect_kfac_multilayer.py
      hash: md5
      md5: 328ace3e0e6f9ed1cef345ec5b148e94
      size: 10584
    outs:
    - path: memorization_kfac/data/kfac_factors/olmo2_1b
      hash: md5
      md5: c26204575315252c6dafaa4a510f9dd3.dir
      size: 855641174
      nfiles: 2
  collect_kfac_bergson:
    cmd: 'python memorization_kfac/data/collect_kfac_bergson.py --model allenai/OLMo-2-0425-1B
      --device cuda --dtype bfloat16 --corpus dolmo --nbytes 100000 --seq_len 512
      --batch_size 1 --layers_per_pass 1 --target_blocks 13 --save_dir memorization_kfac/data/kfac_factors_bergson
      --kfac-only '
    deps:
    - path: bergson/hessians/collector.py
      hash: md5
      md5: c9dd86822d3fb54a48c54b1b208e5889
      size: 13015
    - path: bergson/hessians/sharded_computation.py
      hash: md5
      md5: 5b99ad2b95ef61ce034fe092f7f2f04e
      size: 10093
    - path: memorization_kfac/data/collect_kfac_bergson.py
      hash: md5
      md5: 4c0392213c36a23b0ab98687843f3d2f
      size: 8299
    params:
      params.yaml:
        collect_kfac:
          device: cuda
          dtype: bfloat16
          corpus: dolmo
          nbytes: 100000
          seq_len: 512
          batch_size: 1
          layers_per_pass: 1
          target_blocks: '13'
          sample_labels: ''
        model.name: allenai/OLMo-2-0425-1B
    outs:
    - path: memorization_kfac/data/kfac_factors_bergson
      hash: md5
      md5: 033bee572c6296ef4653187a61f87550.dir
      size: 427821539
      nfiles: 4
  convert_bergson_to_original:
    cmd: python memorization_kfac/data/convert_bergson_to_original.py 
      --bergson_dir memorization_kfac/data/kfac_factors_bergson --output_dir 
      memorization_kfac/data/kfac_factors_bergson_converted
    deps:
    - path: memorization_kfac/data/convert_bergson_to_original.py
      hash: md5
      md5: 9c4d3f3bcd2dfaab0a1b2468856aadbd
      size: 4781
    - path: memorization_kfac/data/kfac_factors_bergson
      hash: md5
      md5: 033bee572c6296ef4653187a61f87550.dir
      size: 427821539
      nfiles: 4
    outs:
    - path: memorization_kfac/data/kfac_factors_bergson_converted
      hash: md5
      md5: 6f42870f62e2a42df5be772b319b7cc8.dir
      size: 855641125
      nfiles: 1
  compare_kfac_implementations:
    cmd: python memorization_kfac/data/compare_kfac_implementations.py 
      --original_dir "memorization_kfac/data/kfac_factors/olmo2_1b" 
      --bergson_converted_dir 
      memorization_kfac/data/kfac_factors_bergson_converted --output_json 
      memorization_kfac/metrics/kfac_comparison_results.json
    deps:
    - path: memorization_kfac/data/compare_kfac_implementations.py
      hash: md5
      md5: 199adc8aa430e3fe81da80141fb90a87
      size: 6837
    - path: memorization_kfac/data/kfac_factors/olmo2_1b
      hash: md5
      md5: c26204575315252c6dafaa4a510f9dd3.dir
      size: 855641174
      nfiles: 2
    - path: memorization_kfac/data/kfac_factors_bergson_converted
      hash: md5
      md5: 6f42870f62e2a42df5be772b319b7cc8.dir
      size: 855641125
      nfiles: 1
    params:
      params.yaml:
        model.size: 1b
    outs:
    - path: memorization_kfac/metrics/kfac_comparison_results.json
      hash: md5
      md5: 3521385f4fdfec293f3ead05e86d0228
      size: 2454
