schema: '2.0'
stages:
  collect_kfac_factors:
    cmd:
    - python memorization_kfac/data/collect_kfac_multilayer.py --model 
      allenai/OLMo-2-0425-1B --device cuda --dtype bfloat16 --corpus dolmo 
      --nbytes 10000 --seq_len 512 --batch_size 4 --layers_per_pass 1 
      --target_blocks 13 --save_dir 
      "memorization_kfac/data/kfac_factors/olmo2_1b" --sample_labels
    deps:
    - path: memorization_kfac/data/collect_kfac_multilayer.py
      hash: md5
      md5: eadc1c09b1c298ffbeb06301e795499b
      size: 9980
    outs:
    - path: memorization_kfac/data/kfac_factors/olmo2_1b
      hash: md5
      md5: ebe97cf3c374693952ddc2976e440c1e.dir
      size: 855641173
      nfiles: 2
  collect_kfac_bergson:
    cmd: python memorization_kfac/data/collect_kfac_bergson.py --model 
      allenai/OLMo-2-0425-1B --device cuda --dtype bfloat16 --corpus dolmo 
      --nbytes 10000 --seq_len 512 --batch_size 2 --layers_per_pass 1 
      --target_blocks 13 --save_dir memorization_kfac/data/kfac_factors_bergson 
      --kfac-only --sample_labels
    deps:
    - path: bergson/hessians/collector.py
      hash: md5
      md5: c9dd86822d3fb54a48c54b1b208e5889
      size: 13015
    - path: bergson/hessians/sharded_computation.py
      hash: md5
      md5: 5b99ad2b95ef61ce034fe092f7f2f04e
      size: 10093
    - path: memorization_kfac/data/collect_kfac_bergson.py
      hash: md5
      md5: 69a1bc10e4024c4feaa16e130edc7d4c
      size: 12800
    params:
      params.yaml:
        collect_kfac:
          device: cuda
          dtype: bfloat16
          corpus: dolmo
          nbytes: 10000
          seq_len: 512
          batch_size: 2
          layers_per_pass: 1
          target_blocks: '13'
          sample_labels: --sample_labels
        model.name: allenai/OLMo-2-0425-1B
    outs:
    - path: memorization_kfac/data/kfac_factors_bergson
      hash: md5
      md5: 6cf45ddfb49015a7e791fd86c15cdb4f.dir
      size: 427819720
      nfiles: 3
  convert_bergson_to_original:
    cmd: python memorization_kfac/data/convert_bergson_to_original.py 
      --bergson_dir memorization_kfac/data/kfac_factors_bergson --output_dir 
      memorization_kfac/data/kfac_factors_bergson_converted
    deps:
    - path: memorization_kfac/data/convert_bergson_to_original.py
      hash: md5
      md5: c2bffaf209058f30d23e6758bac90b1f
      size: 4382
    - path: memorization_kfac/data/kfac_factors_bergson
      hash: md5
      md5: ce1e4e8047a6c4b787fb42f852224ee8.dir
      size: 427819720
      nfiles: 3
    outs:
    - path: memorization_kfac/data/kfac_factors_bergson_converted
      hash: md5
      md5: b81ff0fea9f01708644f1583ddcbb072.dir
      size: 855641125
      nfiles: 1
  compare_kfac_implementations:
    cmd: python memorization_kfac/data/compare_kfac_implementations.py 
      --original_dir "memorization_kfac/data/kfac_factors/olmo2_1b" 
      --bergson_converted_dir 
      memorization_kfac/data/kfac_factors_bergson_converted --output_json 
      memorization_kfac/metrics/kfac_comparison_results.json
    deps:
    - path: memorization_kfac/data/compare_kfac_implementations.py
      hash: md5
      md5: 74436201c693beffb363e60f333133c9
      size: 6833
    - path: memorization_kfac/data/kfac_factors/olmo2_1b
      hash: md5
      md5: d0d28b14ed7ec5d06670b23f42b52182.dir
      size: 855641173
      nfiles: 2
    - path: memorization_kfac/data/kfac_factors_bergson_converted
      hash: md5
      md5: b81ff0fea9f01708644f1583ddcbb072.dir
      size: 855641125
      nfiles: 1
    params:
      params.yaml:
        model.size: 1b
    outs:
    - path: memorization_kfac/metrics/kfac_comparison_results.json
      hash: md5
      md5: fd0f0b205158d003084d594c3d951d87
      size: 2434
