schema: '2.0'
stages:
  collect_kfac_factors:
    cmd:
    - 'python memorization_kfac/data/collect_kfac_multilayer.py --model allenai/OLMo-2-0425-1B
      --device cuda --dtype bfloat16 --corpus dolmo --nbytes 10000 --seq_len 512 --batch_size
      1 --layers_per_pass 1 --target_blocks 14 --save_dir "memorization_kfac/data/kfac_factors/olmo2_1b" '
    deps:
    - path: memorization_kfac/data/collect_kfac_multilayer.py
      hash: md5
      md5: eadc1c09b1c298ffbeb06301e795499b
      size: 9980
    outs:
    - path: memorization_kfac/data/kfac_factors/olmo2_1b
      hash: md5
      md5: 2b5b3551d4d01060bba515d24ece6cbf.dir
      size: 855641173
      nfiles: 2
  collect_kfac_bergson:
    cmd: 'python memorization_kfac/data/collect_kfac_bergson.py --model allenai/OLMo-2-0425-1B
      --device cuda --dtype bfloat16 --corpus dolmo --nbytes 10000 --seq_len 512 --batch_size
      8 --layers_per_pass 1 --target_blocks 14 --save_dir memorization_kfac/data/kfac_factors_bergson '
    deps:
    - path: bergson/hessians/collector.py
      hash: md5
      md5: 7ec4a98af76a1401e220d45af3713499
      size: 12606
    - path: bergson/hessians/sharded_computation.py
      hash: md5
      md5: 5b99ad2b95ef61ce034fe092f7f2f04e
      size: 10093
    - path: memorization_kfac/data/collect_kfac_bergson.py
      hash: md5
      md5: a3374355c5fdd95ace87b6dd9512455b
      size: 9009
    params:
      params.yaml:
        collect_kfac:
          device: cuda
          dtype: bfloat16
          corpus: dolmo
          nbytes: 10000
          seq_len: 512
          batch_size: 8
          layers_per_pass: 1
          target_blocks: '14'
          sample_labels: ''
        model.name: allenai/OLMo-2-0425-1B
    outs:
    - path: memorization_kfac/data/kfac_factors_bergson
      hash: md5
      md5: 895b9d8746111cb8b6de64c11c54d68f.dir
      size: 427819679
      nfiles: 3
